// !$*UTF8*$!
{
	archiveVersion = 1;
	classes = {
	};
	objectVersion = 77;
	objects = {

/* Begin PBXBuildFile section */
		0C1316D624299542AA88F53B /* OCFoundation in Frameworks */ = {isa = PBXBuildFile; productRef = 0C06CB6EA4542C44288FF530 /* OCFoundation */; };
		0C2F2A9E0130F946F18D4E73 /* OCAutomation in Frameworks */ = {isa = PBXBuildFile; productRef = 0C2AFE5F8114A34812946E6A /* OCAutomation */; };
		0C6C78A78B879E4420A6DE46 /* OC3DCore in Frameworks */ = {isa = PBXBuildFile; productRef = 0C59CA0C825D0C4795B3A11F /* OC3DCore */; };
		0C769658898D1049DAABEC0B /* OCTripo in Frameworks */ = {isa = PBXBuildFile; productRef = 0C6CC327D920C644BC84F130 /* OCTripo */; };
		24026C87304789D000DF2722 /* OCAudioCore in Frameworks */ = {isa = PBXBuildFile; productRef = 24026C86304789D000DF2722 /* OCAudioCore */; };
		24026C89304789F100DF2722 /* OCComputerUseCore in Frameworks */ = {isa = PBXBuildFile; productRef = 24026C88304789F100DF2722 /* OCComputerUseCore */; };
		24D85D612FBEE5D8004FEDAD /* OCBrowser in Frameworks */ = {isa = PBXBuildFile; productRef = 24D85D602FBEE5D8004FEDAD /* OCBrowser */; };
		24D85D632FBEE5D8004FEDAD /* OCCore in Frameworks */ = {isa = PBXBuildFile; productRef = 24D85D622FBEE5D8004FEDAD /* OCCore */; };
		24D85D652FBEE5D8004FEDAD /* OCMarkdown in Frameworks */ = {isa = PBXBuildFile; productRef = 24D85D642FBEE5D8004FEDAD /* OCMarkdown */; };
		24D85D672FBEE5D8004FEDAD /* OCMemory in Frameworks */ = {isa = PBXBuildFile; productRef = 24D85D662FBEE5D8004FEDAD /* OCMemory */; };
		24D85D692FBEE5D8004FEDAD /* OCUI in Frameworks */ = {isa = PBXBuildFile; productRef = 24D85D682FBEE5D8004FEDAD /* OCUI */; };
		24E363952FB3400600B27AB1 /* GLTFSceneKit in Frameworks */ = {isa = PBXBuildFile; productRef = AA00BB042F6500040039DA55 /* GLTFSceneKit */; };
		AA00BB032F6500030039DA55 /* Sparkle in Frameworks */ = {isa = PBXBuildFile; productRef = AA00BB022F6500020039DA55 /* Sparkle */; };
		AA00BB072F6500070039DA55 /* FluidAudio in Frameworks */ = {isa = PBXBuildFile; productRef = AA00BB062F6500060039DA55 /* FluidAudio */; };
		AA20BF010000000000000001 /* OpenClickyWidgetModels.swift in Sources */ = {isa = PBXBuildFile; fileRef = AA20FR010000000000000001 /* OpenClickyWidgetModels.swift */; };
		AA20BF020000000000000001 /* OpenClickyWidgetSnapshotReader.swift in Sources */ = {isa = PBXBuildFile; fileRef = AA20FR020000000000000001 /* OpenClickyWidgetSnapshotReader.swift */; };
		AA20BF030000000000000001 /* OpenClickyWidgets.swift in Sources */ = {isa = PBXBuildFile; fileRef = AA20FR030000000000000001 /* OpenClickyWidgets.swift */; };
		AA20BF040000000000000001 /* OpenClickyWidgets.appex in Embed Foundation Extensions */ = {isa = PBXBuildFile; fileRef = AA20FR060000000000000001 /* OpenClickyWidgets.appex */; settings = {ATTRIBUTES = (RemoveHeadersOnCopy, ); }; };
		AA77D0032FBF00010039DA55 /* DynamicNotchKit in Frameworks */ = {isa = PBXBuildFile; productRef = AA77D0022FBF00010039DA55 /* DynamicNotchKit */; };
/* End PBXBuildFile section */

/* Begin PBXContainerItemProxy section */
		28F22CCD2F56440300A0FC59 /* PBXContainerItemProxy */ = {
			isa = PBXContainerItemProxy;
			containerPortal = 28F22CB72F56440300A0FC59 /* Project object */;
			proxyType = 1;
			remoteGlobalIDString = 28F22CBE2F56440300A0FC59;
			remoteInfo = "cursor-buddy";
		};
		28F22CD72F56440300A0FC59 /* PBXContainerItemProxy */ = {
			isa = PBXContainerItemProxy;
			containerPortal = 28F22CB72F56440300A0FC59 /* Project object */;
			proxyType = 1;
			remoteGlobalIDString = 28F22CBE2F56440300A0FC59;
			remoteInfo = "cursor-buddy";
		};
		AA20CP010000000000000001 /* PBXContainerItemProxy */ = {
			isa = PBXContainerItemProxy;
			containerPortal = 28F22CB72F56440300A0FC59 /* Project object */;
			proxyType = 1;
			remoteGlobalIDString = AA20NT010000000000000001;
			remoteInfo = OpenClickyWidgets;
		};
/* End PBXContainerItemProxy section */

/* Begin PBXCopyFilesBuildPhase section */
		AA20CF010000000000000001 /* Embed Foundation Extensions */ = {
			isa = PBXCopyFilesBuildPhase;
			buildActionMask = 2147483647;
			dstPath = "";
			dstSubfolderSpec = 13;
			files = (
				AA20BF040000000000000001 /* OpenClickyWidgets.appex in Embed Foundation Extensions */,
			);
			name = "Embed Foundation Extensions";
			runOnlyForDeploymentPostprocessing = 0;
		};
/* End PBXCopyFilesBuildPhase section */

/* Begin PBXFileReference section */
		0C00E5337FDB5D4202A87769 /* OCFoundation */ = {isa = PBXFileReference; lastKnownFileType = wrapper; path = OCFoundation; sourceTree = "<group>"; };
		0C14D1A08DC8E942718EB3A8 /* OCAutomation */ = {isa = PBXFileReference; lastKnownFileType = wrapper; path = OCAutomation; sourceTree = "<group>"; };
		0C51A2A503B4F44732BD27F0 /* OC3D */ = {isa = PBXFileReference; lastKnownFileType = wrapper; path = OC3D; sourceTree = "<group>"; };
		24D85D592FBEE591004FEDAD /* OCBrowser */ = {isa = PBXFileReference; lastKnownFileType = wrapper; path = OCBrowser; sourceTree = "<group>"; };
		24D85D5A2FBEE591004FEDAD /* OCCore */ = {isa = PBXFileReference; lastKnownFileType = wrapper; path = OCCore; sourceTree = "<group>"; };
		24D85D5B2FBEE591004FEDAD /* OCMarkdown */ = {isa = PBXFileReference; lastKnownFileType = wrapper; path = OCMarkdown; sourceTree = "<group>"; };
		24D85D5C2FBEE591004FEDAD /* OCMemory */ = {isa = PBXFileReference; lastKnownFileType = wrapper; path = OCMemory; sourceTree = "<group>"; };
		24D85D5D2FBEE591004FEDAD /* OCUI */ = {isa = PBXFileReference; lastKnownFileType = wrapper; path = OCUI; sourceTree = "<group>"; };
		28F22CBF2F56440300A0FC59 /* OpenClicky.app */ = {isa = PBXFileReference; explicitFileType = wrapper.application; includeInIndex = 0; path = OpenClicky.app; sourceTree = BUILT_PRODUCTS_DIR; };
		28F22CCC2F56440300A0FC59 /* cursor-buddyTests.xctest */ = {isa = PBXFileReference; explicitFileType = wrapper.cfbundle; includeInIndex = 0; path = "cursor-buddyTests.xctest"; sourceTree = BUILT_PRODUCTS_DIR; };
		28F22CD62F56440300A0FC59 /* cursor-buddyUITests.xctest */ = {isa = PBXFileReference; explicitFileType = wrapper.cfbundle; includeInIndex = 0; path = "cursor-buddyUITests.xctest"; sourceTree = BUILT_PRODUCTS_DIR; };
		AA20FR010000000000000001 /* OpenClickyWidgetModels.swift */ = {isa = PBXFileReference; lastKnownFileType = sourcecode.swift; path = OpenClickyWidgetModels.swift; sourceTree = "<group>"; };
		AA20FR020000000000000001 /* OpenClickyWidgetSnapshotReader.swift */ = {isa = PBXFileReference; lastKnownFileType = sourcecode.swift; path = OpenClickyWidgetSnapshotReader.swift; sourceTree = "<group>"; };
		AA20FR030000000000000001 /* OpenClickyWidgets.swift */ = {isa = PBXFileReference; lastKnownFileType = sourcecode.swift; path = OpenClickyWidgets.swift; sourceTree = "<group>"; };
		AA20FR040000000000000001 /* OpenClickyWidgets.entitlements */ = {isa = PBXFileReference; lastKnownFileType = text.plist.entitlements; path = OpenClickyWidgets.entitlements; sourceTree = "<group>"; };
		AA20FR050000000000000001 /* Info.plist */ = {isa = PBXFileReference; lastKnownFileType = text.plist.xml; path = Info.plist; sourceTree = "<group>"; };
		AA20FR060000000000000001 /* OpenClickyWidgets.appex */ = {isa = PBXFileReference; explicitFileType = "wrapper.app-extension"; includeInIndex = 0; path = OpenClickyWidgets.appex; sourceTree = BUILT_PRODUCTS_DIR; };
/* End PBXFileReference section */

/* Begin PBXFileSystemSynchronizedBuildFileExceptionSet section */
		AA20EX010000000000000001 /* Exceptions for "cursor-buddy" folder in "cursor-buddy" target */ = {
			isa = PBXFileSystemSynchronizedBuildFileExceptionSet;
			membershipExceptions = (
				Info.plist,
			);
			target = 28F22CBE2F56440300A0FC59 /* cursor-buddy */;
		};
/* End PBXFileSystemSynchronizedBuildFileExceptionSet section */

/* Begin PBXFileSystemSynchronizedRootGroup section */
		28F22CC12F56440300A0FC59 /* cursor-buddy */ = {
			isa = PBXFileSystemSynchronizedRootGroup;
			exceptions = (
				AA20EX010000000000000001 /* Exceptions for "cursor-buddy" folder in "cursor-buddy" target */,
			);
			path = "cursor-buddy";
			sourceTree = "<group>";
		};
		28F22CCF2F56440300A0FC59 /* cursor-buddyTests */ = {
			isa = PBXFileSystemSynchronizedRootGroup;
			path = "cursor-buddyTests";
			sourceTree = "<group>";
		};
		28F22CD92F56440300A0FC59 /* cursor-buddyUITests */ = {
			isa = PBXFileSystemSynchronizedRootGroup;
			path = "cursor-buddyUITests";
			sourceTree = "<group>";
		};
/* End PBXFileSystemSynchronizedRootGroup section */

/* Begin PBXFrameworksBuildPhase section */
		28F22CBC2F56440300A0FC59 /* Frameworks */ = {
			isa = PBXFrameworksBuildPhase;
			buildActionMask = 2147483647;
			files = (
				24D85D632FBEE5D8004FEDAD /* OCCore in Frameworks */,
				24D85D652FBEE5D8004FEDAD /* OCMarkdown in Frameworks */,
				24D85D672FBEE5D8004FEDAD /* OCMemory in Frameworks */,
				24E363952FB3400600B27AB1 /* GLTFSceneKit in Frameworks */,
				AA00BB072F6500070039DA55 /* FluidAudio in Frameworks */,
				AA77D0032FBF00010039DA55 /* DynamicNotchKit in Frameworks */,
				AA00BB032F6500030039DA55 /* Sparkle in Frameworks */,
				24D85D692FBEE5D8004FEDAD /* OCUI in Frameworks */,
				24026C89304789F100DF2722 /* OCComputerUseCore in Frameworks */,
				24026C87304789D000DF2722 /* OCAudioCore in Frameworks */,
				24D85D612FBEE5D8004FEDAD /* OCBrowser in Frameworks */,
				0C769658898D1049DAABEC0B /* OCTripo in Frameworks */,
				0C6C78A78B879E4420A6DE46 /* OC3DCore in Frameworks */,
				0C2F2A9E0130F946F18D4E73 /* OCAutomation in Frameworks */,
				0C1316D624299542AA88F53B /* OCFoundation in Frameworks */,
			);
			runOnlyForDeploymentPostprocessing = 0;
		};
		28F22CC92F56440300A0FC59 /* Frameworks */ = {
			isa = PBXFrameworksBuildPhase;
			buildActionMask = 2147483647;
			files = (
			);
			runOnlyForDeploymentPostprocessing = 0;
		};
		28F22CD32F56440300A0FC59 /* Frameworks */ = {
			isa = PBXFrameworksBuildPhase;
			buildActionMask = 2147483647;
			files = (
			);
			runOnlyForDeploymentPostprocessing = 0;
		};
		AA20FW010000000000000001 /* Frameworks */ = {
			isa = PBXFrameworksBuildPhase;
			buildActionMask = 2147483647;
			files = (
			);
			runOnlyForDeploymentPostprocessing = 0;
		};
/* End PBXFrameworksBuildPhase section */

/* Begin PBXGroup section */
		24D85D5E2FBEE591004FEDAD /* Packages */ = {
			isa = PBXGroup;
			children = (
				24D85D592FBEE591004FEDAD /* OCBrowser */,
				24D85D5A2FBEE591004FEDAD /* OCCore */,
				24D85D5B2FBEE591004FEDAD /* OCMarkdown */,
				24D85D5C2FBEE591004FEDAD /* OCMemory */,
				24D85D5D2FBEE591004FEDAD /* OCUI */,
				0C51A2A503B4F44732BD27F0 /* OC3D */,
				0C14D1A08DC8E942718EB3A8 /* OCAutomation */,
				0C00E5337FDB5D4202A87769 /* OCFoundation */,
			);
			path = Packages;
			sourceTree = "<group>";
		};
		24D85D5F2FBEE5D8004FEDAD /* Frameworks */ = {
			isa = PBXGroup;
			children = (
			);
			name = Frameworks;
			sourceTree = "<group>";
		};
		28F22CB62F56440300A0FC59 = {
			isa = PBXGroup;
			children = (
				28F22CC12F56440300A0FC59 /* cursor-buddy */,
				AA20GR010000000000000001 /* OpenClickyWidgets */,
				28F22CCF2F56440300A0FC59 /* cursor-buddyTests */,
				28F22CD92F56440300A0FC59 /* cursor-buddyUITests */,
				28F22CC02F56440300A0FC59 /* Products */,
				24D85D5E2FBEE591004FEDAD /* Packages */,
				24D85D5F2FBEE5D8004FEDAD /* Frameworks */,
			);
			sourceTree = "<group>";
		};
		28F22CC02F56440300A0FC59 /* Products */ = {
			isa = PBXGroup;
			children = (
				28F22CBF2F56440300A0FC59 /* OpenClicky.app */,
				AA20FR060000000000000001 /* OpenClickyWidgets.appex */,
				28F22CCC2F56440300A0FC59 /* cursor-buddyTests.xctest */,
				28F22CD62F56440300A0FC59 /* cursor-buddyUITests.xctest */,
			);
			name = Products;
			sourceTree = "<group>";
		};
		AA20GR010000000000000001 /* OpenClickyWidgets */ = {
			isa = PBXGroup;
			children = (
				AA20FR050000000000000001 /* Info.plist */,
				AA20FR040000000000000001 /* OpenClickyWidgets.entitlements */,
				AA20FR010000000000000001 /* OpenClickyWidgetModels.swift */,
				AA20FR020000000000000001 /* OpenClickyWidgetSnapshotReader.swift */,
				AA20FR030000000000000001 /* OpenClickyWidgets.swift */,
			);
			path = OpenClickyWidgets;
			sourceTree = "<group>";
		};
/* End PBXGroup section */

/* Begin PBXNativeTarget section */
		28F22CBE2F56440300A0FC59 /* cursor-buddy */ = {
			isa = PBXNativeTarget;
			buildConfigurationList = 28F22CE02F56440300A0FC59 /* Build configuration list for PBXNativeTarget "cursor-buddy" */;
			buildPhases = (
				28F22CBB2F56440300A0FC59 /* Sources */,
				28F22CBC2F56440300A0FC59 /* Frameworks */,
				28F22CBD2F56440300A0FC59 /* Resources */,
				AA20CF010000000000000001 /* Embed Foundation Extensions */,
				AA00CC012F6600010039DA55 /* Copy OpenClicky App Resources */,
			);
			buildRules = (
			);
			dependencies = (
				AA20TD010000000000000001 /* PBXTargetDependency */,
			);
			fileSystemSynchronizedGroups = (
				28F22CC12F56440300A0FC59 /* cursor-buddy */,
			);
			name = "cursor-buddy";
			packageProductDependencies = (
				AA00BB022F6500020039DA55 /* Sparkle */,
				AA00BB042F6500040039DA55 /* GLTFSceneKit */,
				AA00BB062F6500060039DA55 /* FluidAudio */,
				24D85D602FBEE5D8004FEDAD /* OCBrowser */,
				24D85D622FBEE5D8004FEDAD /* OCCore */,
				24D85D642FBEE5D8004FEDAD /* OCMarkdown */,
				24D85D662FBEE5D8004FEDAD /* OCMemory */,
				24D85D682FBEE5D8004FEDAD /* OCUI */,
				0C6CC327D920C644BC84F130 /* OCTripo */,
				0C59CA0C825D0C4795B3A11F /* OC3DCore */,
				0C2AFE5F8114A34812946E6A /* OCAutomation */,
				0C06CB6EA4542C44288FF530 /* OCFoundation */,
				AA77D0022FBF00010039DA55 /* DynamicNotchKit */,
				24026C86304789D000DF2722 /* OCAudioCore */,
				24026C88304789F100DF2722 /* OCComputerUseCore */,
			);
			productName = "cursor-buddy";
			productReference = 28F22CBF2F56440300A0FC59 /* OpenClicky.app */;
			productType = "com.apple.product-type.application";
		};
		28F22CCB2F56440300A0FC59 /* cursor-buddyTests */ = {
			isa = PBXNativeTarget;
			buildConfigurationList = 28F22CE32F56440300A0FC59 /* Build configuration list for PBXNativeTarget "cursor-buddyTests" */;
			buildPhases = (
				28F22CC82F56440300A0FC59 /* Sources */,
				28F22CC92F56440300A0FC59 /* Frameworks */,
				28F22CCA2F56440300A0FC59 /* Resources */,
			);
			buildRules = (
			);
			dependencies = (
				28F22CCE2F56440300A0FC59 /* PBXTargetDependency */,
			);
			fileSystemSynchronizedGroups = (
				28F22CCF2F56440300A0FC59 /* cursor-buddyTests */,
			);
			name = "cursor-buddyTests";
			packageProductDependencies = (
			);
			productName = "cursor-buddyTests";
			productReference = 28F22CCC2F56440300A0FC59 /* cursor-buddyTests.xctest */;
			productType = "com.apple.product-type.bundle.unit-test";
		};
		28F22CD52F56440300A0FC59 /* cursor-buddyUITests */ = {
			isa = PBXNativeTarget;
			buildConfigurationList = 28F22CE62F56440300A0FC59 /* Build configuration list for PBXNativeTarget "cursor-buddyUITests" */;
			buildPhases = (
				28F22CD22F56440300A0FC59 /* Sources */,
				28F22CD32F56440300A0FC59 /* Frameworks */,
				28F22CD42F56440300A0FC59 /* Resources */,
			);
			buildRules = (
			);
			dependencies = (
				28F22CD82F56440300A0FC59 /* PBXTargetDependency */,
			);
			fileSystemSynchronizedGroups = (
				28F22CD92F56440300A0FC59 /* cursor-buddyUITests */,
			);
			name = "cursor-buddyUITests";
			packageProductDependencies = (
			);
			productName = "cursor-buddyUITests";
			productReference = 28F22CD62F56440300A0FC59 /* cursor-buddyUITests.xctest */;
			productType = "com.apple.product-type.bundle.ui-testing";
		};
		AA20NT010000000000000001 /* OpenClickyWidgets */ = {
			isa = PBXNativeTarget;
			buildConfigurationList = 242F6ACB2F9BB61A00E60F11 /* Build configuration list for PBXNativeTarget "OpenClickyWidgets" */;
			buildPhases = (
				AA20SO010000000000000001 /* Sources */,
				AA20FW010000000000000001 /* Frameworks */,
				AA20RS010000000000000001 /* Resources */,
			);
			buildRules = (
			);
			dependencies = (
			);
			name = OpenClickyWidgets;
			packageProductDependencies = (
			);
			productName = OpenClickyWidgets;
			productReference = AA20FR060000000000000001 /* OpenClickyWidgets.appex */;
			productType = "com.apple.product-type.app-extension";
		};
/* End PBXNativeTarget section */

/* Begin PBXProject section */
		28F22CB72F56440300A0FC59 /* Project object */ = {
			isa = PBXProject;
			attributes = {
				BuildIndependentTargetsInParallel = 1;
				LastSwiftUpdateCheck = 2620;
				LastUpgradeCheck = 2650;
				TargetAttributes = {
					28F22CBE2F56440300A0FC59 = {
						CreatedOnToolsVersion = 26.2;
					};
					28F22CCB2F56440300A0FC59 = {
						CreatedOnToolsVersion = 26.2;
						TestTargetID = 28F22CBE2F56440300A0FC59;
					};
					28F22CD52F56440300A0FC59 = {
						CreatedOnToolsVersion = 26.2;
						TestTargetID = 28F22CBE2F56440300A0FC59;
					};
					AA20NT010000000000000001 = {
						CreatedOnToolsVersion = 26.2;
						ProvisioningStyle = Automatic;
					};
				};
			};
			buildConfigurationList = 28F22CBA2F56440300A0FC59 /* Build configuration list for PBXProject "cursor-buddy" */;
			developmentRegion = en;
			hasScannedForEncodings = 0;
			knownRegions = (
				en,
				Base,
			);
			mainGroup = 28F22CB62F56440300A0FC59;
			minimizedProjectReferenceProxies = 1;
			packageReferences = (
				0C89D43588327048D7B81751 /* XCLocalSwiftPackageReference "Packages/OCBrowser" */,
				0C82117744574745D88F0641 /* XCLocalSwiftPackageReference "Packages/OCCore" */,
				0C9D1BE457D49347C7B7B602 /* XCLocalSwiftPackageReference "Packages/OCMarkdown" */,
				0C9D7CFEFF20BB4E4FA18E95 /* XCLocalSwiftPackageReference "Packages/OCMemory" */,
				0C8827C7B3BB1C4D6E97D67E /* XCLocalSwiftPackageReference "Packages/OCUI" */,
				0C9E34EA83DCFA4140B30C0B /* XCLocalSwiftPackageReference "Packages/OCFoundation" */,
				0CA167E660E7F04CFA8FD1D3 /* XCLocalSwiftPackageReference "Packages/OCAutomation" */,
				0CB7330D70CD3E4AE5A61048 /* XCLocalSwiftPackageReference "Packages/OC3D" */,
				AA00BB012F6500010039DA55 /* XCRemoteSwiftPackageReference "Sparkle" */,
				AA00BB052F6500050039DA55 /* XCRemoteSwiftPackageReference "GLTFSceneKit" */,
				AA00BB082F6500080039DA55 /* XCRemoteSwiftPackageReference "FluidAudio" */,
				AA77D0012FBF00010039DA55 /* XCRemoteSwiftPackageReference "DynamicNotchKit" */,
				24026C843047897200DF2722 /* XCLocalSwiftPackageReference "Packages/OCAudioCore" */,
				24026C853047898400DF2722 /* XCLocalSwiftPackageReference "Packages/OCComputerUseCore" */,
			);
			preferredProjectObjectVersion = 77;
			productRefGroup = 28F22CC02F56440300A0FC59 /* Products */;
			projectDirPath = "";
			projectRoot = "";
			targets = (
				28F22CBE2F56440300A0FC59 /* cursor-buddy */,
				AA20NT010000000000000001 /* OpenClickyWidgets */,
				28F22CCB2F56440300A0FC59 /* cursor-buddyTests */,
				28F22CD52F56440300A0FC59 /* cursor-buddyUITests */,
			);
		};
/* End PBXProject section */

/* Begin PBXResourcesBuildPhase section */
		28F22CBD2F56440300A0FC59 /* Resources */ = {
			isa = PBXResourcesBuildPhase;
			buildActionMask = 2147483647;
			files = (
			);
			runOnlyForDeploymentPostprocessing = 0;
		};
		28F22CCA2F56440300A0FC59 /* Resources */ = {
			isa = PBXResourcesBuildPhase;
			buildActionMask = 2147483647;
			files = (
			);
			runOnlyForDeploymentPostprocessing = 0;
		};
		28F22CD42F56440300A0FC59 /* Resources */ = {
			isa = PBXResourcesBuildPhase;
			buildActionMask = 2147483647;
			files = (
			);
			runOnlyForDeploymentPostprocessing = 0;
		};
		AA20RS010000000000000001 /* Resources */ = {
			isa = PBXResourcesBuildPhase;
			buildActionMask = 2147483647;
			files = (
			);
			runOnlyForDeploymentPostprocessing = 0;
		};
/* End PBXResourcesBuildPhase section */

/* Begin PBXShellScriptBuildPhase section */
		AA00CC012F6600010039DA55 /* Copy OpenClicky App Resources */ = {
			isa = PBXShellScriptBuildPhase;
			alwaysOutOfDate = 1;
			buildActionMask = 2147483647;
			files = (
			);
			inputFileListPaths = (
			);
			inputPaths = (
			);
			name = "Copy OpenClicky App Resources";
			outputFileListPaths = (
			);
			outputPaths = (
			);
			runOnlyForDeploymentPostprocessing = 0;
			shellPath = /bin/sh;
			shellScript = "set -euo pipefail\nROOT=\"${PROJECT_DIR}/AppResources/OpenClicky\"\nDST=\"${TARGET_BUILD_DIR}/${UNLOCALIZED_RESOURCES_FOLDER_PATH}\"\nmkdir -p \"$DST\"\nfor rel in SOUL.md OpenClickyModelInstructions.md AGENTS.md ATTRIBUTION.md ClickyBuildInfo.plist skill-suggestion-rules.json OpenClickyBundledSkills OpenClickyBundledWikiSeed CodexRuntime CuaDriverRuntime ClaudeAgentSDKBridge BackgroundComputerUseRuntime agent-done.mp3; do\n  if [ -e \"$ROOT/$rel\" ]; then\n    rm -rf \"$DST/$rel\"\n    /usr/bin/ditto \"$ROOT/$rel\" \"$DST/$rel\"\n  fi\ndone\n";
		};
/* End PBXShellScriptBuildPhase section */

/* Begin PBXSourcesBuildPhase section */
		28F22CBB2F56440300A0FC59 /* Sources */ = {
			isa = PBXSourcesBuildPhase;
			buildActionMask = 2147483647;
			files = (
			);
			runOnlyForDeploymentPostprocessing = 0;
		};
		28F22CC82F56440300A0FC59 /* Sources */ = {
			isa = PBXSourcesBuildPhase;
			buildActionMask = 2147483647;
			files = (
			);
			runOnlyForDeploymentPostprocessing = 0;
		};
		28F22CD22F56440300A0FC59 /* Sources */ = {
			isa = PBXSourcesBuildPhase;
			buildActionMask = 2147483647;
			files = (
			);
			runOnlyForDeploymentPostprocessing = 0;
		};
		AA20SO010000000000000001 /* Sources */ = {
			isa = PBXSourcesBuildPhase;
			buildActionMask = 2147483647;
			files = (
				AA20BF010000000000000001 /* OpenClickyWidgetModels.swift in Sources */,
				AA20BF020000000000000001 /* OpenClickyWidgetSnapshotReader.swift in Sources */,
				AA20BF030000000000000001 /* OpenClickyWidgets.swift in Sources */,
			);
			runOnlyForDeploymentPostprocessing = 0;
		};
/* End PBXSourcesBuildPhase section */

/* Begin PBXTargetDependency section */
		28F22CCE2F56440300A0FC59 /* PBXTargetDependency */ = {
			isa = PBXTargetDependency;
			target = 28F22CBE2F56440300A0FC59 /* cursor-buddy */;
			targetProxy = 28F22CCD2F56440300A0FC59 /* PBXContainerItemProxy */;
		};
		28F22CD82F56440300A0FC59 /* PBXTargetDependency */ = {
			isa = PBXTargetDependency;
			target = 28F22CBE2F56440300A0FC59 /* cursor-buddy */;
			targetProxy = 28F22CD72F56440300A0FC59 /* PBXContainerItemProxy */;
		};
		AA20TD010000000000000001 /* PBXTargetDependency */ = {
			isa = PBXTargetDependency;
			target = AA20NT010000000000000001 /* OpenClickyWidgets */;
			targetProxy = AA20CP010000000000000001 /* PBXContainerItemProxy */;
		};
/* End PBXTargetDependency section */

/* Begin XCBuildConfiguration section */
		242F6AC92F9BB60800E60F11 /* Debug */ = {
			isa = XCBuildConfiguration;
			buildSettings = {
				APPLICATION_EXTENSION_API_ONLY = YES;
				CODE_SIGN_ENTITLEMENTS = OpenClickyWidgets/OpenClickyWidgets.entitlements;
				"CODE_SIGN_IDENTITY[sdk=macosx*]" = "Apple Development";
				CODE_SIGN_STYLE = Automatic;
				COPY_PHASE_STRIP = NO;
				CURRENT_PROJECT_VERSION = 6;
				DEAD_CODE_STRIPPING = YES;
				DEVELOPMENT_TEAM = PT7Y2TQVA4;
				ENABLE_APP_SANDBOX = YES;
				ENABLE_HARDENED_RUNTIME = YES;
				ENABLE_PREVIEWS = YES;
				GCC_DYNAMIC_NO_PIC = NO;
				GCC_OPTIMIZATION_LEVEL = 0;
				INFOPLIST_FILE = OpenClickyWidgets/Info.plist;
				LD_RUNPATH_SEARCH_PATHS = (
					"$(inherited)",
					"@executable_path/../Frameworks",
					"@executable_path/../../../../Frameworks",
				);
				MACOSX_DEPLOYMENT_TARGET = 26.0;
				MARKETING_VERSION = 1.0.0;
				PRODUCT_BUNDLE_IDENTIFIER = com.nepomuk.openclicky.widgets;
				PRODUCT_NAME = "$(TARGET_NAME)";
				REGISTER_APP_GROUPS = YES;
				SDKROOT = macosx;
				SKIP_INSTALL = YES;
				STRING_CATALOG_GENERATE_SYMBOLS = YES;
				SWIFT_APPROACHABLE_CONCURRENCY = YES;
				SWIFT_DEFAULT_ACTOR_ISOLATION = MainActor;
				SWIFT_EMIT_LOC_STRINGS = YES;
				SWIFT_UPCOMING_FEATURE_MEMBER_IMPORT_VISIBILITY = YES;
				SWIFT_VERSION = 5.0;
			};
			name = Debug;
		};
		242F6ACA2F9BB60800E60F11 /* Release */ = {
			isa = XCBuildConfiguration;
			buildSettings = {
				APPLICATION_EXTENSION_API_ONLY = YES;
				CODE_SIGN_ENTITLEMENTS = OpenClickyWidgets/OpenClickyWidgets.entitlements;
				"CODE_SIGN_IDENTITY[sdk=macosx*]" = "Apple Development";
				CODE_SIGN_STYLE = Automatic;
				COPY_PHASE_STRIP = YES;
				CURRENT_PROJECT_VERSION = 6;
				DEAD_CODE_STRIPPING = YES;
				DEBUG_INFORMATION_FORMAT = "dwarf-with-dsym";
				DEVELOPMENT_TEAM = PT7Y2TQVA4;
				ENABLE_APP_SANDBOX = YES;
				ENABLE_HARDENED_RUNTIME = YES;
				ENABLE_PREVIEWS = YES;
				INFOPLIST_FILE = OpenClickyWidgets/Info.plist;
				LD_RUNPATH_SEARCH_PATHS = (
					"$(inherited)",
					"@executable_path/../Frameworks",
					"@executable_path/../../../../Frameworks",
				);
				MACOSX_DEPLOYMENT_TARGET = 26.0;
				MARKETING_VERSION = 1.0.0;
				PRODUCT_BUNDLE_IDENTIFIER = com.nepomuk.openclicky.widgets;
				PRODUCT_NAME = "$(TARGET_NAME)";
				REGISTER_APP_GROUPS = YES;
				SDKROOT = macosx;
				SKIP_INSTALL = YES;
				STRING_CATALOG_GENERATE_SYMBOLS = YES;
				SWIFT_APPROACHABLE_CONCURRENCY = YES;
				SWIFT_DEFAULT_ACTOR_ISOLATION = MainActor;
				SWIFT_EMIT_LOC_STRINGS = YES;
				SWIFT_UPCOMING_FEATURE_MEMBER_IMPORT_VISIBILITY = YES;
				SWIFT_VERSION = 5.0;
			};
			name = Release;
		};
		28F22CDE2F56440300A0FC59 /* Debug */ = {
			isa = XCBuildConfiguration;
			buildSettings = {
				ALWAYS_SEARCH_USER_PATHS = NO;
				ASSETCATALOG_COMPILER_GENERATE_SWIFT_ASSET_SYMBOL_EXTENSIONS = YES;
				CLANG_ANALYZER_NONNULL = YES;
				CLANG_ANALYZER_NUMBER_OBJECT_CONVERSION = YES_AGGRESSIVE;
				CLANG_CXX_LANGUAGE_STANDARD = "gnu++20";
				CLANG_ENABLE_MODULES = YES;
				CLANG_ENABLE_OBJC_ARC = YES;
				CLANG_ENABLE_OBJC_WEAK = YES;
				CLANG_WARN_BLOCK_CAPTURE_AUTORELEASING = YES;
				CLANG_WARN_BOOL_CONVERSION = YES;
				CLANG_WARN_COMMA = YES;
				CLANG_WARN_CONSTANT_CONVERSION = YES;
				CLANG_WARN_DEPRECATED_OBJC_IMPLEMENTATIONS = YES;
				CLANG_WARN_DIRECT_OBJC_ISA_USAGE = YES_ERROR;
				CLANG_WARN_DOCUMENTATION_COMMENTS = YES;
				CLANG_WARN_EMPTY_BODY = YES;
				CLANG_WARN_ENUM_CONVERSION = YES;
				CLANG_WARN_INFINITE_RECURSION = YES;
				CLANG_WARN_INT_CONVERSION = YES;
				CLANG_WARN_NON_LITERAL_NULL_CONVERSION = YES;
				CLANG_WARN_OBJC_IMPLICIT_RETAIN_SELF = YES;
				CLANG_WARN_OBJC_LITERAL_CONVERSION = YES;
				CLANG_WARN_OBJC_ROOT_CLASS = YES_ERROR;
				CLANG_WARN_QUOTED_INCLUDE_IN_FRAMEWORK_HEADER = YES;
				CLANG_WARN_RANGE_LOOP_ANALYSIS = YES;
				CLANG_WARN_STRICT_PROTOTYPES = YES;
				CLANG_WARN_SUSPICIOUS_MOVE = YES;
				CLANG_WARN_UNGUARDED_AVAILABILITY = YES_AGGRESSIVE;
				CLANG_WARN_UNREACHABLE_CODE = YES;
				CLANG_WARN__DUPLICATE_METHOD_MATCH = YES;
				COPY_PHASE_STRIP = NO;
				DEAD_CODE_STRIPPING = YES;
				DEBUG_INFORMATION_FORMAT = dwarf;
				DEVELOPMENT_TEAM = PT7Y2TQVA4;
				ENABLE_STRICT_OBJC_MSGSEND = YES;
				ENABLE_TESTABILITY = YES;
				ENABLE_USER_SCRIPT_SANDBOXING = NO;
				GCC_C_LANGUAGE_STANDARD = gnu17;
				GCC_DYNAMIC_NO_PIC = NO;
				GCC_NO_COMMON_BLOCKS = YES;
				GCC_OPTIMIZATION_LEVEL = 0;
				GCC_PREPROCESSOR_DEFINITIONS = (
					"DEBUG=1",
					"$(inherited)",
				);
				GCC_WARN_64_TO_32_BIT_CONVERSION = YES;
				GCC_WARN_ABOUT_RETURN_TYPE = YES_ERROR;
				GCC_WARN_UNDECLARED_SELECTOR = YES;
				GCC_WARN_UNINITIALIZED_AUTOS = YES_AGGRESSIVE;
				GCC_WARN_UNUSED_FUNCTION = YES;
				GCC_WARN_UNUSED_VARIABLE = YES;
				LOCALIZATION_PREFERS_STRING_CATALOGS = YES;
				MACOSX_DEPLOYMENT_TARGET = 26.0;
				MTL_ENABLE_DEBUG_INFO = INCLUDE_SOURCE;
				MTL_FAST_MATH = YES;
				ONLY_ACTIVE_ARCH = YES;
				SDKROOT = macosx;
				STRING_CATALOG_GENERATE_SYMBOLS = YES;
				SWIFT_ACTIVE_COMPILATION_CONDITIONS = "DEBUG $(inherited)";
				SWIFT_OPTIMIZATION_LEVEL = "-Onone";
			};
			name = Debug;
		};
		28F22CDF2F56440300A0FC59 /* Release */ = {
			isa = XCBuildConfiguration;
			buildSettings = {
				ALWAYS_SEARCH_USER_PATHS = NO;
				ASSETCATALOG_COMPILER_GENERATE_SWIFT_ASSET_SYMBOL_EXTENSIONS = YES;
				CLANG_ANALYZER_NONNULL = YES;
				CLANG_ANALYZER_NUMBER_OBJECT_CONVERSION = YES_AGGRESSIVE;
				CLANG_CXX_LANGUAGE_STANDARD = "gnu++20";
				CLANG_ENABLE_MODULES = YES;
				CLANG_ENABLE_OBJC_ARC = YES;
				CLANG_ENABLE_OBJC_WEAK = YES;
				CLANG_WARN_BLOCK_CAPTURE_AUTORELEASING = YES;
				CLANG_WARN_BOOL_CONVERSION = YES;
				CLANG_WARN_COMMA = YES;
				CLANG_WARN_CONSTANT_CONVERSION = YES;
				CLANG_WARN_DEPRECATED_OBJC_IMPLEMENTATIONS = YES;
				CLANG_WARN_DIRECT_OBJC_ISA_USAGE = YES_ERROR;
				CLANG_WARN_DOCUMENTATION_COMMENTS = YES;
				CLANG_WARN_EMPTY_BODY = YES;
				CLANG_WARN_ENUM_CONVERSION = YES;
				CLANG_WARN_INFINITE_RECURSION = YES;
				CLANG_WARN_INT_CONVERSION = YES;
				CLANG_WARN_NON_LITERAL_NULL_CONVERSION = YES;
				CLANG_WARN_OBJC_IMPLICIT_RETAIN_SELF = YES;
				CLANG_WARN_OBJC_LITERAL_CONVERSION = YES;
				CLANG_WARN_OBJC_ROOT_CLASS = YES_ERROR;
				CLANG_WARN_QUOTED_INCLUDE_IN_FRAMEWORK_HEADER = YES;
				CLANG_WARN_RANGE_LOOP_ANALYSIS = YES;
				CLANG_WARN_STRICT_PROTOTYPES = YES;
				CLANG_WARN_SUSPICIOUS_MOVE = YES;
				CLANG_WARN_UNGUARDED_AVAILABILITY = YES_AGGRESSIVE;
				CLANG_WARN_UNREACHABLE_CODE = YES;
				CLANG_WARN__DUPLICATE_METHOD_MATCH = YES;
				COPY_PHASE_STRIP = NO;
				DEAD_CODE_STRIPPING = YES;
				DEBUG_INFORMATION_FORMAT = "dwarf-with-dsym";
				DEVELOPMENT_TEAM = PT7Y2TQVA4;
				ENABLE_NS_ASSERTIONS = NO;
				ENABLE_STRICT_OBJC_MSGSEND = YES;
				ENABLE_USER_SCRIPT_SANDBOXING = NO;
				GCC_C_LANGUAGE_STANDARD = gnu17;
				GCC_NO_COMMON_BLOCKS = YES;
				GCC_WARN_64_TO_32_BIT_CONVERSION = YES;
				GCC_WARN_ABOUT_RETURN_TYPE = YES_ERROR;
				GCC_WARN_UNDECLARED_SELECTOR = YES;
				GCC_WARN_UNINITIALIZED_AUTOS = YES_AGGRESSIVE;
				GCC_WARN_UNUSED_FUNCTION = YES;
				GCC_WARN_UNUSED_VARIABLE = YES;
				LOCALIZATION_PREFERS_STRING_CATALOGS = YES;
				MACOSX_DEPLOYMENT_TARGET = 26.0;
				MTL_ENABLE_DEBUG_INFO = NO;
				MTL_FAST_MATH = YES;
				SDKROOT = macosx;
				STRING_CATALOG_GENERATE_SYMBOLS = YES;
				SWIFT_COMPILATION_MODE = wholemodule;
			};
			name = Release;
		};
		28F22CE12F56440300A0FC59 /* Debug */ = {
			isa = XCBuildConfiguration;
			buildSettings = {
				ASSETCATALOG_COMPILER_APPICON_NAME = AppIcon;
				ASSETCATALOG_COMPILER_GLOBAL_ACCENT_COLOR_NAME = AccentColor;
				CODE_SIGN_ENTITLEMENTS = "cursor-buddy/cursor-buddy.entitlements";
				CODE_SIGN_IDENTITY = "Apple Development";
				CODE_SIGN_STYLE = Automatic;
				COMBINE_HIDPI_IMAGES = YES;
				CURRENT_PROJECT_VERSION = 6;
				DEAD_CODE_STRIPPING = YES;
				DEVELOPMENT_TEAM = PT7Y2TQVA4;
				DRIVERKIT_DEPLOYMENT_TARGET = 25.0;
				ENABLE_APP_SANDBOX = NO;
				ENABLE_HARDENED_RUNTIME = YES;
				ENABLE_OUTGOING_NETWORK_CONNECTIONS = YES;
				ENABLE_PREVIEWS = YES;
				ENABLE_USER_SELECTED_FILES = readonly;
				EXCLUDED_SOURCE_FILE_NAMES = Info.plist;
				GENERATE_INFOPLIST_FILE = YES;
				INFOPLIST_FILE = "cursor-buddy/Info.plist";
				INFOPLIST_KEY_CFBundleDisplayName = OpenClicky;
				INFOPLIST_KEY_CFBundleName = OpenClicky;
				INFOPLIST_KEY_NSAppleEventsUsageDescription = "OpenClicky uses Apple Events only when you ask it to automate local apps or System Events for guarded macOS control.";
				INFOPLIST_KEY_NSCameraUsageDescription = "OpenClicky uses the selected camera only when you enable visual intelligence or meeting notes, so it can understand camera images and visible text.";
				INFOPLIST_KEY_NSHumanReadableCopyright = "Copyright © 2026 Jason Kneen. All rights reserved.";
				INFOPLIST_KEY_NSMicrophoneUsageDescription = "OpenClicky uses the microphone for push-to-talk voice input, optional “Hey Clicky” wake-word listening, and optional meeting notes transcription.";
				INFOPLIST_KEY_NSScreenCaptureUsageDescription = "OpenClicky needs screen recording access to see your screen and help you.";
				INFOPLIST_KEY_NSSpeechRecognitionUsageDescription = "OpenClicky uses on-device speech recognition to detect the optional “Hey Clicky” wake phrase when hands-free listening is enabled.";
				INFOPLIST_KEY_NSUserNotificationAlertStyle = alert;
				IPHONEOS_DEPLOYMENT_TARGET = 26.0;
				LD_RUNPATH_SEARCH_PATHS = (
					"$(inherited)",
					"@executable_path/../Frameworks",
				);
				MACOSX_DEPLOYMENT_TARGET = 26.0;
				MARKETING_VERSION = 1.0.0;
				PRODUCT_BUNDLE_IDENTIFIER = com.nepomuk.openclicky;
				PRODUCT_MODULE_NAME = OpenClicky;
				PRODUCT_NAME = OpenClicky;
				PROVISIONING_PROFILE_SPECIFIER = "";
				REGISTER_APP_GROUPS = YES;
				STRING_CATALOG_GENERATE_SYMBOLS = YES;
				SWIFT_APPROACHABLE_CONCURRENCY = YES;
				SWIFT_DEFAULT_ACTOR_ISOLATION = MainActor;
				SWIFT_EMIT_LOC_STRINGS = YES;
				SWIFT_UPCOMING_FEATURE_MEMBER_IMPORT_VISIBILITY = YES;
				SWIFT_VERSION = 5.0;
			};
			name = Debug;
		};
		28F22CE22F56440300A0FC59 /* Release */ = {
			isa = XCBuildConfiguration;
			buildSettings = {
				ASSETCATALOG_COMPILER_APPICON_NAME = AppIcon;
				ASSETCATALOG_COMPILER_GLOBAL_ACCENT_COLOR_NAME = AccentColor;
				CODE_SIGN_ENTITLEMENTS = "cursor-buddy/cursor-buddy.entitlements";
				CODE_SIGN_IDENTITY = "Apple Development";
				CODE_SIGN_STYLE = Automatic;
				COMBINE_HIDPI_IMAGES = YES;
				CURRENT_PROJECT_VERSION = 6;
				DEAD_CODE_STRIPPING = YES;
				DEVELOPMENT_TEAM = PT7Y2TQVA4;
				DRIVERKIT_DEPLOYMENT_TARGET = 25.0;
				ENABLE_APP_SANDBOX = NO;
				ENABLE_HARDENED_RUNTIME = YES;
				ENABLE_OUTGOING_NETWORK_CONNECTIONS = YES;
				ENABLE_PREVIEWS = YES;
				ENABLE_USER_SELECTED_FILES = readonly;
				EXCLUDED_SOURCE_FILE_NAMES = Info.plist;
				GENERATE_INFOPLIST_FILE = YES;
				INFOPLIST_FILE = "cursor-buddy/Info.plist";
				INFOPLIST_KEY_CFBundleDisplayName = OpenClicky;
				INFOPLIST_KEY_CFBundleName = OpenClicky;
				INFOPLIST_KEY_NSAppleEventsUsageDescription = "OpenClicky uses Apple Events only when you ask it to automate local apps or System Events for guarded macOS control.";
				INFOPLIST_KEY_NSCameraUsageDescription = "OpenClicky uses the selected camera only when you enable visual intelligence or meeting notes, so it can understand camera images and visible text.";
				INFOPLIST_KEY_NSHumanReadableCopyright = "Copyright © 2026 Jason Kneen. All rights reserved.";
				INFOPLIST_KEY_NSMicrophoneUsageDescription = "OpenClicky uses the microphone for push-to-talk voice input, optional “Hey Clicky” wake-word listening, and optional meeting notes transcription.";
				INFOPLIST_KEY_NSScreenCaptureUsageDescription = "OpenClicky needs screen recording access to see your screen and help you.";
				INFOPLIST_KEY_NSSpeechRecognitionUsageDescription = "OpenClicky uses on-device speech recognition to detect the optional “Hey Clicky” wake phrase when hands-free listening is enabled.";
				INFOPLIST_KEY_NSUserNotificationAlertStyle = alert;
				IPHONEOS_DEPLOYMENT_TARGET = 26.0;
				LD_RUNPATH_SEARCH_PATHS = (
					"$(inherited)",
					"@executable_path/../Frameworks",
				);
				MACOSX_DEPLOYMENT_TARGET = 26.0;
				MARKETING_VERSION = 1.0.0;
				PRODUCT_BUNDLE_IDENTIFIER = com.nepomuk.openclicky;
				PRODUCT_MODULE_NAME = OpenClicky;
				PRODUCT_NAME = OpenClicky;
				PROVISIONING_PROFILE_SPECIFIER = "";
				REGISTER_APP_GROUPS = YES;
				STRING_CATALOG_GENERATE_SYMBOLS = YES;
				SWIFT_APPROACHABLE_CONCURRENCY = YES;
				SWIFT_DEFAULT_ACTOR_ISOLATION = MainActor;
				SWIFT_EMIT_LOC_STRINGS = YES;
				SWIFT_UPCOMING_FEATURE_MEMBER_IMPORT_VISIBILITY = YES;
				SWIFT_VERSION = 5.0;
			};
			name = Release;
		};
		28F22CE42F56440300A0FC59 /* Debug */ = {
			isa = XCBuildConfiguration;
			buildSettings = {
				BUNDLE_LOADER = "$(TEST_HOST)";
				CODE_SIGN_STYLE = Automatic;
				CURRENT_PROJECT_VERSION = 6;
				DEAD_CODE_STRIPPING = YES;
				DEVELOPMENT_TEAM = PT7Y2TQVA4;
				GENERATE_INFOPLIST_FILE = YES;
				MACOSX_DEPLOYMENT_TARGET = 26.0;
				MARKETING_VERSION = 1.0.0;
				PRODUCT_BUNDLE_IDENTIFIER = com.nepomuk.openclickyTests;
				PRODUCT_NAME = "$(TARGET_NAME)";
				STRING_CATALOG_GENERATE_SYMBOLS = NO;
				SWIFT_APPROACHABLE_CONCURRENCY = YES;
				SWIFT_EMIT_LOC_STRINGS = NO;
				SWIFT_UPCOMING_FEATURE_MEMBER_IMPORT_VISIBILITY = YES;
				SWIFT_VERSION = 5.0;
				TEST_HOST = "$(BUILT_PRODUCTS_DIR)/OpenClicky.app/$(BUNDLE_EXECUTABLE_FOLDER_PATH)/OpenClicky";
			};
			name = Debug;
		};
		28F22CE52F56440300A0FC59 /* Release */ = {
			isa = XCBuildConfiguration;
			buildSettings = {
				BUNDLE_LOADER = "$(TEST_HOST)";
				CODE_SIGN_STYLE = Automatic;
				CURRENT_PROJECT_VERSION = 6;
				DEAD_CODE_STRIPPING = YES;
				DEVELOPMENT_TEAM = PT7Y2TQVA4;
				GENERATE_INFOPLIST_FILE = YES;
				MACOSX_DEPLOYMENT_TARGET = 26.0;
				MARKETING_VERSION = 1.0.0;
				PRODUCT_BUNDLE_IDENTIFIER = com.nepomuk.openclickyTests;
				PRODUCT_NAME = "$(TARGET_NAME)";
				STRING_CATALOG_GENERATE_SYMBOLS = NO;
				SWIFT_APPROACHABLE_CONCURRENCY = YES;
				SWIFT_EMIT_LOC_STRINGS = NO;
				SWIFT_UPCOMING_FEATURE_MEMBER_IMPORT_VISIBILITY = YES;
				SWIFT_VERSION = 5.0;
				TEST_HOST = "$(BUILT_PRODUCTS_DIR)/OpenClicky.app/$(BUNDLE_EXECUTABLE_FOLDER_PATH)/OpenClicky";
			};
			name = Release;
		};
		28F22CE72F56440300A0FC59 /* Debug */ = {
			isa = XCBuildConfiguration;
			buildSettings = {
				CODE_SIGN_STYLE = Automatic;
				CURRENT_PROJECT_VERSION = 6;
				DEAD_CODE_STRIPPING = YES;
				DEVELOPMENT_TEAM = PT7Y2TQVA4;
				GENERATE_INFOPLIST_FILE = YES;
				MACOSX_DEPLOYMENT_TARGET = 26.0;
				MARKETING_VERSION = 1.0.0;
				PRODUCT_BUNDLE_IDENTIFIER = com.nepomuk.openclickyUITests;
				PRODUCT_NAME = "$(TARGET_NAME)";
				STRING_CATALOG_GENERATE_SYMBOLS = NO;
				SWIFT_APPROACHABLE_CONCURRENCY = YES;
				SWIFT_EMIT_LOC_STRINGS = NO;
				SWIFT_UPCOMING_FEATURE_MEMBER_IMPORT_VISIBILITY = YES;
				SWIFT_VERSION = 5.0;
				TEST_TARGET_NAME = "cursor-buddy";
			};
			name = Debug;
		};
		28F22CE82F56440300A0FC59 /* Release */ = {
			isa = XCBuildConfiguration;
			buildSettings = {
				CODE_SIGN_STYLE = Automatic;
				CURRENT_PROJECT_VERSION = 6;
				DEAD_CODE_STRIPPING = YES;
				DEVELOPMENT_TEAM = PT7Y2TQVA4;
				GENERATE_INFOPLIST_FILE = YES;
				MACOSX_DEPLOYMENT_TARGET = 26.0;
				MARKETING_VERSION = 1.0.0;
				PRODUCT_BUNDLE_IDENTIFIER = com.nepomuk.openclickyUITests;
				PRODUCT_NAME = "$(TARGET_NAME)";
				STRING_CATALOG_GENERATE_SYMBOLS = NO;
				SWIFT_APPROACHABLE_CONCURRENCY = YES;
				SWIFT_EMIT_LOC_STRINGS = NO;
				SWIFT_UPCOMING_FEATURE_MEMBER_IMPORT_VISIBILITY = YES;
				SWIFT_VERSION = 5.0;
				TEST_TARGET_NAME = "cursor-buddy";
			};
			name = Release;
		};
/* End XCBuildConfiguration section */

/* Begin XCConfigurationList section */
		242F6ACB2F9BB61A00E60F11 /* Build configuration list for PBXNativeTarget "OpenClickyWidgets" */ = {
			isa = XCConfigurationList;
			buildConfigurations = (
				242F6AC92F9BB60800E60F11 /* Debug */,
				242F6ACA2F9BB60800E60F11 /* Release */,
			);
			defaultConfigurationIsVisible = 0;
			defaultConfigurationName = Release;
		};
		28F22CBA2F56440300A0FC59 /* Build configuration list for PBXProject "cursor-buddy" */ = {
			isa = XCConfigurationList;
			buildConfigurations = (
				28F22CDE2F56440300A0FC59 /* Debug */,
				28F22CDF2F56440300A0FC59 /* Release */,
			);
			defaultConfigurationIsVisible = 0;
			defaultConfigurationName = Release;
		};
		28F22CE02F56440300A0FC59 /* Build configuration list for PBXNativeTarget "cursor-buddy" */ = {
			isa = XCConfigurationList;
			buildConfigurations = (
				28F22CE12F56440300A0FC59 /* Debug */,
				28F22CE22F56440300A0FC59 /* Release */,
			);
			defaultConfigurationIsVisible = 0;
			defaultConfigurationName = Release;
		};
		28F22CE32F56440300A0FC59 /* Build configuration list for PBXNativeTarget "cursor-buddyTests" */ = {
			isa = XCConfigurationList;
			buildConfigurations = (
				28F22CE42F56440300A0FC59 /* Debug */,
				28F22CE52F56440300A0FC59 /* Release */,
			);
			defaultConfigurationIsVisible = 0;
			defaultConfigurationName = Release;
		};
		28F22CE62F56440300A0FC59 /* Build configuration list for PBXNativeTarget "cursor-buddyUITests" */ = {
			isa = XCConfigurationList;
			buildConfigurations = (
				28F22CE72F56440300A0FC59 /* Debug */,
				28F22CE82F56440300A0FC59 /* Release */,
			);
			defaultConfigurationIsVisible = 0;
			defaultConfigurationName = Release;
		};
/* End XCConfigurationList section */

/* Begin XCLocalSwiftPackageReference section */
		0C82117744574745D88F0641 /* XCLocalSwiftPackageReference "Packages/OCCore" */ = {
			isa = XCLocalSwiftPackageReference;
			relativePath = Packages/OCCore;
		};
		0C8827C7B3BB1C4D6E97D67E /* XCLocalSwiftPackageReference "Packages/OCUI" */ = {
			isa = XCLocalSwiftPackageReference;
			relativePath = Packages/OCUI;
		};
		0C89D43588327048D7B81751 /* XCLocalSwiftPackageReference "Packages/OCBrowser" */ = {
			isa = XCLocalSwiftPackageReference;
			relativePath = Packages/OCBrowser;
		};
		0C9D1BE457D49347C7B7B602 /* XCLocalSwiftPackageReference "Packages/OCMarkdown" */ = {
			isa = XCLocalSwiftPackageReference;
			relativePath = Packages/OCMarkdown;
		};
		0C9D7CFEFF20BB4E4FA18E95 /* XCLocalSwiftPackageReference "Packages/OCMemory" */ = {
			isa = XCLocalSwiftPackageReference;
			relativePath = Packages/OCMemory;
		};
		0C9E34EA83DCFA4140B30C0B /* XCLocalSwiftPackageReference "Packages/OCFoundation" */ = {
			isa = XCLocalSwiftPackageReference;
			relativePath = Packages/OCFoundation;
		};
		0CA167E660E7F04CFA8FD1D3 /* XCLocalSwiftPackageReference "Packages/OCAutomation" */ = {
			isa = XCLocalSwiftPackageReference;
			relativePath = Packages/OCAutomation;
		};
		0CB7330D70CD3E4AE5A61048 /* XCLocalSwiftPackageReference "Packages/OC3D" */ = {
			isa = XCLocalSwiftPackageReference;
			relativePath = Packages/OC3D;
		};
		24026C843047897200DF2722 /* XCLocalSwiftPackageReference "Packages/OCAudioCore" */ = {
			isa = XCLocalSwiftPackageReference;
			relativePath = Packages/OCAudioCore;
		};
		24026C853047898400DF2722 /* XCLocalSwiftPackageReference "Packages/OCComputerUseCore" */ = {
			isa = XCLocalSwiftPackageReference;
			relativePath = Packages/OCComputerUseCore;
		};
/* End XCLocalSwiftPackageReference section */

/* Begin XCRemoteSwiftPackageReference section */
		AA00BB012F6500010039DA55 /* XCRemoteSwiftPackageReference "Sparkle" */ = {
			isa = XCRemoteSwiftPackageReference;
			repositoryURL = "https://github.com/sparkle-project/Sparkle";
			requirement = {
				kind = upToNextMajorVersion;
				minimumVersion = 2.9.0;
			};
		};
		AA00BB052F6500050039DA55 /* XCRemoteSwiftPackageReference "GLTFSceneKit" */ = {
			isa = XCRemoteSwiftPackageReference;
			repositoryURL = "https://github.com/magicien/GLTFSceneKit";
			requirement = {
				kind = upToNextMajorVersion;
				minimumVersion = 0.4.0;
			};
		};
		AA00BB082F6500080039DA55 /* XCRemoteSwiftPackageReference "FluidAudio" */ = {
			isa = XCRemoteSwiftPackageReference;
			repositoryURL = "https://github.com/FluidInference/FluidAudio.git";
			requirement = {
				kind = exactVersion;
				version = 0.14.1;
			};
		};
		AA77D0012FBF00010039DA55 /* XCRemoteSwiftPackageReference "DynamicNotchKit" */ = {
			isa = XCRemoteSwiftPackageReference;
			repositoryURL = "https://github.com/MrKai77/DynamicNotchKit";
			requirement = {
				kind = upToNextMajorVersion;
				minimumVersion = 1.1.0;
			};
		};
/* End XCRemoteSwiftPackageReference section */

/* Begin XCSwiftPackageProductDependency section */
		0C06CB6EA4542C44288FF530 /* OCFoundation */ = {
			isa = XCSwiftPackageProductDependency;
			package = 0C9E34EA83DCFA4140B30C0B /* XCLocalSwiftPackageReference "Packages/OCFoundation" */;
			productName = OCFoundation;
		};
		0C2AFE5F8114A34812946E6A /* OCAutomation */ = {
			isa = XCSwiftPackageProductDependency;
			package = 0CA167E660E7F04CFA8FD1D3 /* XCLocalSwiftPackageReference "Packages/OCAutomation" */;
			productName = OCAutomation;
		};
		0C59CA0C825D0C4795B3A11F /* OC3DCore */ = {
			isa = XCSwiftPackageProductDependency;
			package = 0CB7330D70CD3E4AE5A61048 /* XCLocalSwiftPackageReference "Packages/OC3D" */;
			productName = OC3DCore;
		};
		0C6CC327D920C644BC84F130 /* OCTripo */ = {
			isa = XCSwiftPackageProductDependency;
			package = 0CB7330D70CD3E4AE5A61048 /* XCLocalSwiftPackageReference "Packages/OC3D" */;
			productName = OCTripo;
		};
		24026C86304789D000DF2722 /* OCAudioCore */ = {
			isa = XCSwiftPackageProductDependency;
			package = 24026C843047897200DF2722 /* XCLocalSwiftPackageReference "Packages/OCAudioCore" */;
			productName = OCAudioCore;
		};
		24026C88304789F100DF2722 /* OCComputerUseCore */ = {
			isa = XCSwiftPackageProductDependency;
			package = 24026C853047898400DF2722 /* XCLocalSwiftPackageReference "Packages/OCComputerUseCore" */;
			productName = OCComputerUseCore;
		};
		24D85D602FBEE5D8004FEDAD /* OCBrowser */ = {
			isa = XCSwiftPackageProductDependency;
			package = 0C89D43588327048D7B81751 /* XCLocalSwiftPackageReference "Packages/OCBrowser" */;
			productName = OCBrowser;
		};
		24D85D622FBEE5D8004FEDAD /* OCCore */ = {
			isa = XCSwiftPackageProductDependency;
			package = 0C82117744574745D88F0641 /* XCLocalSwiftPackageReference "Packages/OCCore" */;
			productName = OCCore;
		};
		24D85D642FBEE5D8004FEDAD /* OCMarkdown */ = {
			isa = XCSwiftPackageProductDependency;
			package = 0C9D1BE457D49347C7B7B602 /* XCLocalSwiftPackageReference "Packages/OCMarkdown" */;
			productName = OCMarkdown;
		};
		24D85D662FBEE5D8004FEDAD /* OCMemory */ = {
			isa = XCSwiftPackageProductDependency;
			package = 0C9D7CFEFF20BB4E4FA18E95 /* XCLocalSwiftPackageReference "Packages/OCMemory" */;
			productName = OCMemory;
		};
		24D85D682FBEE5D8004FEDAD /* OCUI */ = {
			isa = XCSwiftPackageProductDependency;
			package = 0C8827C7B3BB1C4D6E97D67E /* XCLocalSwiftPackageReference "Packages/OCUI" */;
			productName = OCUI;
		};
		AA00BB022F6500020039DA55 /* Sparkle */ = {
			isa = XCSwiftPackageProductDependency;
			package = AA00BB012F6500010039DA55 /* XCRemoteSwiftPackageReference "Sparkle" */;
			productName = Sparkle;
		};
		AA00BB042F6500040039DA55 /* GLTFSceneKit */ = {
			isa = XCSwiftPackageProductDependency;
			package = AA00BB052F6500050039DA55 /* XCRemoteSwiftPackageReference "GLTFSceneKit" */;
			productName = GLTFSceneKit;
		};
		AA00BB062F6500060039DA55 /* FluidAudio */ = {
			isa = XCSwiftPackageProductDependency;
			package = AA00BB082F6500080039DA55 /* XCRemoteSwiftPackageReference "FluidAudio" */;
			productName = FluidAudio;
		};
		AA77D0022FBF00010039DA55 /* DynamicNotchKit */ = {
			isa = XCSwiftPackageProductDependency;
			package = AA77D0012FBF00010039DA55 /* XCRemoteSwiftPackageReference "DynamicNotchKit" */;
			productName = DynamicNotchKit;
		};
/* End XCSwiftPackageProductDependency section */
	};
	rootObject = 28F22CB72F56440300A0FC59 /* Project object */;
}
